
Microsoft Visual Studio Solution File, Format Version 12.00
# Visual Studio 15
VisualStudioVersion = 15.0.26730.16
MinimumVisualStudioVersion = 10.0.40219.1
Project("{FAE04EC0-301F-11D3-BF4B-00C04F79EFBC}") = "Biblia", "Biblia\Biblia.csproj", "{5A599C1F-5EB3-4F63-AAA6-61F2FE8880EA}"
EndProject
Global
	GlobalSection(SolutionConfigurationPlatforms) = preSolution
		Debug|Any CPU = Debug|Any CPU
		Release|Any CPU = Release|Any CPU
	EndGlobalSection
	GlobalSection(ProjectConfigurationPlatforms) = postSolution
		{5A599C1F-5EB3-4F63-AAA6-61F2FE8880EA}.Debug|Any CPU.ActiveCfg = Debug|Any CPU
		{5A599C1F-5EB3-4F63-AAA6-61F2FE8880EA}.Debug|Any CPU.Build.0 = Debug|Any CPU
		{5A599C1F-5EB3-4F63-AAA6-61F2FE8880EA}.Release|Any CPU.ActiveCfg = Release|Any CPU
		{5A599C1F-5EB3-4F63-AAA6-61F2FE8880EA}.Release|Any CPU.Build.0 = Release|Any CPU
	EndGlobalSection
	GlobalSection(SolutionProperties) = preSolution
		HideSolutionNode = FALSE
	EndGlobalSection
	GlobalSection(ExtensibilityGlobals) = postSolution
		SolutionGuid = {6DB00BD1-E408-4ACC-B5E8-44FAB1386BA7}
	EndGlobalSection
EndGlobal
